{
  "name": "go-it-node-hw-1",
  "version": "1.0.0",
  "lockfileVersion": 1,
  "requires": true,
  "dependencies": {
    "commander": {
      "version": "8.3.0",
      "resolved": "https://registry.npmjs.org/commander/-/commander-8.3.0.tgz",
      "integrity": "sha512-OkTL9umf+He2DZkUq8f8J9of7yL6RJKI24dVITBmNfZBmri9zYZQrKkuXiKhyfPSu8tUhnVBB1iKXevvnlR4Ww=="
    },
    "generate-unique-id": {
      "version": "2.0.1",
      "resolved": "https://registry.npmjs.org/generate-unique-id/-/generate-unique-id-2.0.1.tgz",
      "integrity": "sha512-8b74nVk9KOj3Go2NofqNhC+3VDJ/121oBa72tXnYVwFN785rVR4v2ccj3Hwcy4ZErIz+TJ4Rn1NZHh/JW/12qQ=="
    }
  }
}
